
Microsoft Visual Studio Solution File, Format Version 12.00
Project("{FAE04EC0-301F-11D3-BF4B-00C04F79EFBC}") = "Zip", "Linq\Zip\Zip.csproj", "{065D1732-0DBA-456A-A5F6-1A5A250B541B}"
EndProject
Project("{2150E333-8FDC-42A3-9474-1A3956D46DE8}") = "Linq", "Linq", "{BEC0BC4A-8358-4509-88D2-7FE9E46671D4}"
EndProject
Project("{2150E333-8FDC-42A3-9474-1A3956D46DE8}") = "csharp", "csharp", "{FB646D9D-7DE5-4D9C-A1D0-88033329CAE6}"
EndProject
Project("{FAE04EC0-301F-11D3-BF4B-00C04F79EFBC}") = "PropertyPattern", "csharp\10\PropertyPattern\PropertyPattern.csproj", "{B3B33F97-8E6A-401F-8CF9-55434BD9D191}"
EndProject
Project("{2150E333-8FDC-42A3-9474-1A3956D46DE8}") = "10", "10", "{36F0F80F-FB28-4E7B-8CC1-82A26DB51454}"
EndProject
Project("{2150E333-8FDC-42A3-9474-1A3956D46DE8}") = "7", "7", "{C00DE3E5-8FDE-46C8-9A16-1B56C6AF561C}"
EndProject
Project("{FAE04EC0-301F-11D3-BF4B-00C04F79EFBC}") = "ConstructorInitializeWithTuples", "csharp\7\ConstructorInitializeWithTuples\ConstructorInitializeWithTuples.csproj", "{9009E030-97CE-4DAC-AC94-8054384531D4}"
EndProject
Project("{FAE04EC0-301F-11D3-BF4B-00C04F79EFBC}") = "ConstantInterpolatedStrings", "csharp\10\ConstantInterpolatedStrings\ConstantInterpolatedStrings.csproj", "{ED5C5F95-B631-4451-812D-83750FB38792}"
EndProject
Project("{2150E333-8FDC-42A3-9474-1A3956D46DE8}") = "Tests", "Tests", "{527D771D-0933-43FF-B57B-EA21A78139C2}"
EndProject
Project("{2150E333-8FDC-42A3-9474-1A3956D46DE8}") = "FluentAssertions", "FluentAssertions", "{04FF46AD-0E1D-4BE3-95DA-BFE15B9A56F4}"
EndProject
Project("{FAE04EC0-301F-11D3-BF4B-00C04F79EFBC}") = "FluentAssertionsExecutionTime", "Tests\FluentAssertions\FluentAssertionsExecutionTime\FluentAssertionsExecutionTime.csproj", "{85D231C3-968D-432D-900F-49805E9F4181}"
EndProject
Project("{2150E333-8FDC-42A3-9474-1A3956D46DE8}") = "Optimizations", "Optimizations", "{657046BB-61A7-43E6-9061-B144394001B8}"
EndProject
Project("{FAE04EC0-301F-11D3-BF4B-00C04F79EFBC}") = "ListCapacityBenchmark", "Optimizations\ListCapacityBenchmark\ListCapacityBenchmark.csproj", "{20891919-B266-400F-A70D-44A8E1FAE5D4}"
EndProject
Project("{2150E333-8FDC-42A3-9474-1A3956D46DE8}") = "xUnit", "xUnit", "{54BCAE82-1C70-4F58-928A-6B3D16A878E8}"
	ProjectSection(SolutionItems) = preProject
		Tests\xUnit\README.md = Tests\xUnit\README.md
	EndProjectSection
EndProject
Project("{FAE04EC0-301F-11D3-BF4B-00C04F79EFBC}") = "xUnitDisplayName", "Tests\xUnit\xUnitDisplayName\xUnitDisplayName.csproj", "{94F91DBB-54BF-4BE8-89DF-219D82308CC9}"
EndProject
Project("{FAE04EC0-301F-11D3-BF4B-00C04F79EFBC}") = "PropertyPatternsBenchmark", "Optimizations\PropertyPatternsBenchmark\PropertyPatternsBenchmark.csproj", "{11862B9F-DD40-46F7-B2CB-548AF69341EC}"
EndProject
Project("{FAE04EC0-301F-11D3-BF4B-00C04F79EFBC}") = "AwaitOrReturnTaskBenchmark", "Optimizations\AwaitOrReturnTaskBenchmark\AwaitOrReturnTaskBenchmark.csproj", "{6FF84111-0DF9-4C67-8E98-9262434D9C52}"
EndProject
Project("{FAE04EC0-301F-11D3-BF4B-00C04F79EFBC}") = "CallerArgumentExpression", "csharp\10\CallerArgumentExpression\CallerArgumentExpression.csproj", "{FD66DBF1-DBA6-41F2-BB69-B367E46BC1A6}"
EndProject
Project("{2150E333-8FDC-42A3-9474-1A3956D46DE8}") = "Libraries", "Libraries", "{5DAE1F9D-5A9A-4550-9616-3A0F4810E8C0}"
	ProjectSection(SolutionItems) = preProject
		Libraries\README.md = Libraries\README.md
	EndProjectSection
EndProject
Project("{FAE04EC0-301F-11D3-BF4B-00C04F79EFBC}") = "Libraries.NetEscapades.EnumGenerators", "Libraries\Libraries.NetEscapades.EnumGenerators\Libraries.NetEscapades.EnumGenerators.csproj", "{BA368312-C1DF-4A3E-B2EF-8CC3B14E2EA1}"
EndProject
Project("{FAE04EC0-301F-11D3-BF4B-00C04F79EFBC}") = "AnonymousTypesWithExpression", "csharp\10\AnonymousTypesWithExpression\AnonymousTypesWithExpression.csproj", "{DF759912-DBCC-4DAF-AF7B-B807F8982116}"
EndProject
Project("{FAE04EC0-301F-11D3-BF4B-00C04F79EFBC}") = "ImmutableListBuilderBenchmark", "Optimizations\ImmutableListBuilderBenchmark\ImmutableListBuilderBenchmark.csproj", "{58F0F732-2E8A-40C8-ABF5-0C689F3CD4F5}"
EndProject
Project("{FAE04EC0-301F-11D3-BF4B-00C04F79EFBC}") = "ImmutableArrayBuilderBenchmark", "Optimizations\ImmutableArrayBuilderBenchmark\ImmutableArrayBuilderBenchmark.csproj", "{F84F0CF0-D977-40ED-B6BE-875D1900B7F6}"
EndProject
Project("{FAE04EC0-301F-11D3-BF4B-00C04F79EFBC}") = "StringExtractBenchmark", "Optimizations\StringExtractBenchmark\StringExtractBenchmark.csproj", "{DFCC869B-ADD7-43A8-A527-F695B79FE3F5}"
EndProject
Project("{2150E333-8FDC-42A3-9474-1A3956D46DE8}") = "11", "11", "{39C88B4E-A03F-4011-834A-672B69D884F1}"
EndProject
Project("{FAE04EC0-301F-11D3-BF4B-00C04F79EFBC}") = "RawStringLiterals", "csharp\11\RawStringLiterals\RawStringLiterals.csproj", "{623E3CA6-6542-4ED9-836B-58E1C9F7CE60}"
EndProject
Project("{FAE04EC0-301F-11D3-BF4B-00C04F79EFBC}") = "GenericAttributes", "csharp\11\GenericAttributes\GenericAttributes.csproj", "{554F90B9-8D4B-4F75-B7D7-61ACE95BD6B5}"
EndProject
Project("{FAE04EC0-301F-11D3-BF4B-00C04F79EFBC}") = "Utf8StringLiterals", "csharp\11\Utf8StringLiterals\Utf8StringLiterals.csproj", "{928BDAC5-5E6E-415B-8784-4498AB589FEF}"
EndProject
Project("{FAE04EC0-301F-11D3-BF4B-00C04F79EFBC}") = "StringInterpolationNewlines", "csharp\11\StringInterpolationNewlines\StringInterpolationNewlines.csproj", "{06D600F4-56EC-4958-8731-F00936A0CA07}"
EndProject
Project("{FAE04EC0-301F-11D3-BF4B-00C04F79EFBC}") = "ListPatterns", "csharp\11\ListPatterns\ListPatterns.csproj", "{2015C7F0-4A11-4385-91DB-6D64B1BC8A3D}"
EndProject
Global
	GlobalSection(SolutionConfigurationPlatforms) = preSolution
		Debug|Any CPU = Debug|Any CPU
		Release|Any CPU = Release|Any CPU
	EndGlobalSection
	GlobalSection(ProjectConfigurationPlatforms) = postSolution
		{065D1732-0DBA-456A-A5F6-1A5A250B541B}.Debug|Any CPU.ActiveCfg = Debug|Any CPU
		{065D1732-0DBA-456A-A5F6-1A5A250B541B}.Debug|Any CPU.Build.0 = Debug|Any CPU
		{065D1732-0DBA-456A-A5F6-1A5A250B541B}.Release|Any CPU.ActiveCfg = Release|Any CPU
		{065D1732-0DBA-456A-A5F6-1A5A250B541B}.Release|Any CPU.Build.0 = Release|Any CPU
		{B3B33F97-8E6A-401F-8CF9-55434BD9D191}.Debug|Any CPU.ActiveCfg = Debug|Any CPU
		{B3B33F97-8E6A-401F-8CF9-55434BD9D191}.Debug|Any CPU.Build.0 = Debug|Any CPU
		{B3B33F97-8E6A-401F-8CF9-55434BD9D191}.Release|Any CPU.ActiveCfg = Release|Any CPU
		{B3B33F97-8E6A-401F-8CF9-55434BD9D191}.Release|Any CPU.Build.0 = Release|Any CPU
		{9009E030-97CE-4DAC-AC94-8054384531D4}.Debug|Any CPU.ActiveCfg = Debug|Any CPU
		{9009E030-97CE-4DAC-AC94-8054384531D4}.Debug|Any CPU.Build.0 = Debug|Any CPU
		{9009E030-97CE-4DAC-AC94-8054384531D4}.Release|Any CPU.ActiveCfg = Release|Any CPU
		{9009E030-97CE-4DAC-AC94-8054384531D4}.Release|Any CPU.Build.0 = Release|Any CPU
		{ED5C5F95-B631-4451-812D-83750FB38792}.Debug|Any CPU.ActiveCfg = Debug|Any CPU
		{ED5C5F95-B631-4451-812D-83750FB38792}.Debug|Any CPU.Build.0 = Debug|Any CPU
		{ED5C5F95-B631-4451-812D-83750FB38792}.Release|Any CPU.ActiveCfg = Release|Any CPU
		{ED5C5F95-B631-4451-812D-83750FB38792}.Release|Any CPU.Build.0 = Release|Any CPU
		{85D231C3-968D-432D-900F-49805E9F4181}.Debug|Any CPU.ActiveCfg = Debug|Any CPU
		{85D231C3-968D-432D-900F-49805E9F4181}.Debug|Any CPU.Build.0 = Debug|Any CPU
		{85D231C3-968D-432D-900F-49805E9F4181}.Release|Any CPU.ActiveCfg = Release|Any CPU
		{85D231C3-968D-432D-900F-49805E9F4181}.Release|Any CPU.Build.0 = Release|Any CPU
		{20891919-B266-400F-A70D-44A8E1FAE5D4}.Debug|Any CPU.ActiveCfg = Debug|Any CPU
		{20891919-B266-400F-A70D-44A8E1FAE5D4}.Debug|Any CPU.Build.0 = Debug|Any CPU
		{20891919-B266-400F-A70D-44A8E1FAE5D4}.Release|Any CPU.ActiveCfg = Release|Any CPU
		{20891919-B266-400F-A70D-44A8E1FAE5D4}.Release|Any CPU.Build.0 = Release|Any CPU
		{94F91DBB-54BF-4BE8-89DF-219D82308CC9}.Debug|Any CPU.ActiveCfg = Debug|Any CPU
		{94F91DBB-54BF-4BE8-89DF-219D82308CC9}.Debug|Any CPU.Build.0 = Debug|Any CPU
		{94F91DBB-54BF-4BE8-89DF-219D82308CC9}.Release|Any CPU.ActiveCfg = Release|Any CPU
		{94F91DBB-54BF-4BE8-89DF-219D82308CC9}.Release|Any CPU.Build.0 = Release|Any CPU
		{11862B9F-DD40-46F7-B2CB-548AF69341EC}.Debug|Any CPU.ActiveCfg = Debug|Any CPU
		{11862B9F-DD40-46F7-B2CB-548AF69341EC}.Debug|Any CPU.Build.0 = Debug|Any CPU
		{11862B9F-DD40-46F7-B2CB-548AF69341EC}.Release|Any CPU.ActiveCfg = Release|Any CPU
		{11862B9F-DD40-46F7-B2CB-548AF69341EC}.Release|Any CPU.Build.0 = Release|Any CPU
		{6FF84111-0DF9-4C67-8E98-9262434D9C52}.Debug|Any CPU.ActiveCfg = Debug|Any CPU
		{6FF84111-0DF9-4C67-8E98-9262434D9C52}.Debug|Any CPU.Build.0 = Debug|Any CPU
		{6FF84111-0DF9-4C67-8E98-9262434D9C52}.Release|Any CPU.ActiveCfg = Release|Any CPU
		{6FF84111-0DF9-4C67-8E98-9262434D9C52}.Release|Any CPU.Build.0 = Release|Any CPU
		{FD66DBF1-DBA6-41F2-BB69-B367E46BC1A6}.Debug|Any CPU.ActiveCfg = Debug|Any CPU
		{FD66DBF1-DBA6-41F2-BB69-B367E46BC1A6}.Debug|Any CPU.Build.0 = Debug|Any CPU
		{FD66DBF1-DBA6-41F2-BB69-B367E46BC1A6}.Release|Any CPU.ActiveCfg = Release|Any CPU
		{FD66DBF1-DBA6-41F2-BB69-B367E46BC1A6}.Release|Any CPU.Build.0 = Release|Any CPU
		{BA368312-C1DF-4A3E-B2EF-8CC3B14E2EA1}.Debug|Any CPU.ActiveCfg = Debug|Any CPU
		{BA368312-C1DF-4A3E-B2EF-8CC3B14E2EA1}.Debug|Any CPU.Build.0 = Debug|Any CPU
		{BA368312-C1DF-4A3E-B2EF-8CC3B14E2EA1}.Release|Any CPU.ActiveCfg = Release|Any CPU
		{BA368312-C1DF-4A3E-B2EF-8CC3B14E2EA1}.Release|Any CPU.Build.0 = Release|Any CPU
		{DF759912-DBCC-4DAF-AF7B-B807F8982116}.Debug|Any CPU.ActiveCfg = Debug|Any CPU
		{DF759912-DBCC-4DAF-AF7B-B807F8982116}.Debug|Any CPU.Build.0 = Debug|Any CPU
		{DF759912-DBCC-4DAF-AF7B-B807F8982116}.Release|Any CPU.ActiveCfg = Release|Any CPU
		{DF759912-DBCC-4DAF-AF7B-B807F8982116}.Release|Any CPU.Build.0 = Release|Any CPU
		{58F0F732-2E8A-40C8-ABF5-0C689F3CD4F5}.Debug|Any CPU.ActiveCfg = Debug|Any CPU
		{58F0F732-2E8A-40C8-ABF5-0C689F3CD4F5}.Debug|Any CPU.Build.0 = Debug|Any CPU
		{58F0F732-2E8A-40C8-ABF5-0C689F3CD4F5}.Release|Any CPU.ActiveCfg = Release|Any CPU
		{58F0F732-2E8A-40C8-ABF5-0C689F3CD4F5}.Release|Any CPU.Build.0 = Release|Any CPU
		{F84F0CF0-D977-40ED-B6BE-875D1900B7F6}.Debug|Any CPU.ActiveCfg = Debug|Any CPU
		{F84F0CF0-D977-40ED-B6BE-875D1900B7F6}.Debug|Any CPU.Build.0 = Debug|Any CPU
		{F84F0CF0-D977-40ED-B6BE-875D1900B7F6}.Release|Any CPU.ActiveCfg = Release|Any CPU
		{F84F0CF0-D977-40ED-B6BE-875D1900B7F6}.Release|Any CPU.Build.0 = Release|Any CPU
		{DFCC869B-ADD7-43A8-A527-F695B79FE3F5}.Debug|Any CPU.ActiveCfg = Debug|Any CPU
		{DFCC869B-ADD7-43A8-A527-F695B79FE3F5}.Debug|Any CPU.Build.0 = Debug|Any CPU
		{DFCC869B-ADD7-43A8-A527-F695B79FE3F5}.Release|Any CPU.ActiveCfg = Release|Any CPU
		{DFCC869B-ADD7-43A8-A527-F695B79FE3F5}.Release|Any CPU.Build.0 = Release|Any CPU
		{623E3CA6-6542-4ED9-836B-58E1C9F7CE60}.Debug|Any CPU.ActiveCfg = Debug|Any CPU
		{623E3CA6-6542-4ED9-836B-58E1C9F7CE60}.Debug|Any CPU.Build.0 = Debug|Any CPU
		{623E3CA6-6542-4ED9-836B-58E1C9F7CE60}.Release|Any CPU.ActiveCfg = Release|Any CPU
		{623E3CA6-6542-4ED9-836B-58E1C9F7CE60}.Release|Any CPU.Build.0 = Release|Any CPU
		{554F90B9-8D4B-4F75-B7D7-61ACE95BD6B5}.Debug|Any CPU.ActiveCfg = Debug|Any CPU
		{554F90B9-8D4B-4F75-B7D7-61ACE95BD6B5}.Debug|Any CPU.Build.0 = Debug|Any CPU
		{554F90B9-8D4B-4F75-B7D7-61ACE95BD6B5}.Release|Any CPU.ActiveCfg = Release|Any CPU
		{554F90B9-8D4B-4F75-B7D7-61ACE95BD6B5}.Release|Any CPU.Build.0 = Release|Any CPU
		{928BDAC5-5E6E-415B-8784-4498AB589FEF}.Debug|Any CPU.ActiveCfg = Debug|Any CPU
		{928BDAC5-5E6E-415B-8784-4498AB589FEF}.Debug|Any CPU.Build.0 = Debug|Any CPU
		{928BDAC5-5E6E-415B-8784-4498AB589FEF}.Release|Any CPU.ActiveCfg = Release|Any CPU
		{928BDAC5-5E6E-415B-8784-4498AB589FEF}.Release|Any CPU.Build.0 = Release|Any CPU
		{06D600F4-56EC-4958-8731-F00936A0CA07}.Debug|Any CPU.ActiveCfg = Debug|Any CPU
		{06D600F4-56EC-4958-8731-F00936A0CA07}.Debug|Any CPU.Build.0 = Debug|Any CPU
		{06D600F4-56EC-4958-8731-F00936A0CA07}.Release|Any CPU.ActiveCfg = Release|Any CPU
		{06D600F4-56EC-4958-8731-F00936A0CA07}.Release|Any CPU.Build.0 = Release|Any CPU
		{2015C7F0-4A11-4385-91DB-6D64B1BC8A3D}.Debug|Any CPU.ActiveCfg = Debug|Any CPU
		{2015C7F0-4A11-4385-91DB-6D64B1BC8A3D}.Debug|Any CPU.Build.0 = Debug|Any CPU
		{2015C7F0-4A11-4385-91DB-6D64B1BC8A3D}.Release|Any CPU.ActiveCfg = Release|Any CPU
		{2015C7F0-4A11-4385-91DB-6D64B1BC8A3D}.Release|Any CPU.Build.0 = Release|Any CPU
	EndGlobalSection
	GlobalSection(NestedProjects) = preSolution
		{36F0F80F-FB28-4E7B-8CC1-82A26DB51454} = {FB646D9D-7DE5-4D9C-A1D0-88033329CAE6}
		{B3B33F97-8E6A-401F-8CF9-55434BD9D191} = {36F0F80F-FB28-4E7B-8CC1-82A26DB51454}
		{065D1732-0DBA-456A-A5F6-1A5A250B541B} = {BEC0BC4A-8358-4509-88D2-7FE9E46671D4}
		{C00DE3E5-8FDE-46C8-9A16-1B56C6AF561C} = {FB646D9D-7DE5-4D9C-A1D0-88033329CAE6}
		{9009E030-97CE-4DAC-AC94-8054384531D4} = {C00DE3E5-8FDE-46C8-9A16-1B56C6AF561C}
		{ED5C5F95-B631-4451-812D-83750FB38792} = {36F0F80F-FB28-4E7B-8CC1-82A26DB51454}
		{04FF46AD-0E1D-4BE3-95DA-BFE15B9A56F4} = {527D771D-0933-43FF-B57B-EA21A78139C2}
		{85D231C3-968D-432D-900F-49805E9F4181} = {04FF46AD-0E1D-4BE3-95DA-BFE15B9A56F4}
		{20891919-B266-400F-A70D-44A8E1FAE5D4} = {657046BB-61A7-43E6-9061-B144394001B8}
		{54BCAE82-1C70-4F58-928A-6B3D16A878E8} = {527D771D-0933-43FF-B57B-EA21A78139C2}
		{94F91DBB-54BF-4BE8-89DF-219D82308CC9} = {54BCAE82-1C70-4F58-928A-6B3D16A878E8}
		{11862B9F-DD40-46F7-B2CB-548AF69341EC} = {657046BB-61A7-43E6-9061-B144394001B8}
		{6FF84111-0DF9-4C67-8E98-9262434D9C52} = {657046BB-61A7-43E6-9061-B144394001B8}
		{FD66DBF1-DBA6-41F2-BB69-B367E46BC1A6} = {36F0F80F-FB28-4E7B-8CC1-82A26DB51454}
		{BA368312-C1DF-4A3E-B2EF-8CC3B14E2EA1} = {5DAE1F9D-5A9A-4550-9616-3A0F4810E8C0}
		{DF759912-DBCC-4DAF-AF7B-B807F8982116} = {36F0F80F-FB28-4E7B-8CC1-82A26DB51454}
		{58F0F732-2E8A-40C8-ABF5-0C689F3CD4F5} = {657046BB-61A7-43E6-9061-B144394001B8}
		{F84F0CF0-D977-40ED-B6BE-875D1900B7F6} = {657046BB-61A7-43E6-9061-B144394001B8}
		{DFCC869B-ADD7-43A8-A527-F695B79FE3F5} = {657046BB-61A7-43E6-9061-B144394001B8}
		{39C88B4E-A03F-4011-834A-672B69D884F1} = {FB646D9D-7DE5-4D9C-A1D0-88033329CAE6}
		{623E3CA6-6542-4ED9-836B-58E1C9F7CE60} = {39C88B4E-A03F-4011-834A-672B69D884F1}
		{554F90B9-8D4B-4F75-B7D7-61ACE95BD6B5} = {39C88B4E-A03F-4011-834A-672B69D884F1}
		{928BDAC5-5E6E-415B-8784-4498AB589FEF} = {39C88B4E-A03F-4011-834A-672B69D884F1}
		{06D600F4-56EC-4958-8731-F00936A0CA07} = {39C88B4E-A03F-4011-834A-672B69D884F1}
		{2015C7F0-4A11-4385-91DB-6D64B1BC8A3D} = {39C88B4E-A03F-4011-834A-672B69D884F1}
	EndGlobalSection
EndGlobal
